// !$*UTF8*$!
{
	archiveVersion = 1;
	classes = {
	};
	objectVersion = 56;
	objects = {

/* Begin PBXBuildFile section */
		96497CA02AEDD2720023DA69 /* HealingTimeAppApp.swift in Sources */ = {isa = PBXBuildFile; fileRef = 96497C9F2AEDD2720023DA69 /* HealingTimeAppApp.swift */; };
		96497CA22AEDD2720023DA69 /* ContentView.swift in Sources */ = {isa = PBXBuildFile; fileRef = 96497CA12AEDD2720023DA69 /* ContentView.swift */; };
		96497CA42AEDD2790023DA69 /* Assets.xcassets in Resources */ = {isa = PBXBuildFile; fileRef = 96497CA32AEDD2790023DA69 /* Assets.xcassets */; };
		96497CA72AEDD2790023DA69 /* Preview Assets.xcassets in Resources */ = {isa = PBXBuildFile; fileRef = 96497CA62AEDD2790023DA69 /* Preview Assets.xcassets */; };
		96497CAE2AEDD9670023DA69 /* MeditationView.swift in Sources */ = {isa = PBXBuildFile; fileRef = 96497CAD2AEDD9660023DA69 /* MeditationView.swift */; };
		96497CB02AEDE1270023DA69 /* PlayerView.swift in Sources */ = {isa = PBXBuildFile; fileRef = 96497CAF2AEDE1270023DA69 /* PlayerView.swift */; };
		96497CB22AEDE57B0023DA69 /* PlaybackControlButton.swift in Sources */ = {isa = PBXBuildFile; fileRef = 96497CB12AEDE57B0023DA69 /* PlaybackControlButton.swift */; };
		96497CB42AEDF8630023DA69 /* MeditationViewModel.swift in Sources */ = {isa = PBXBuildFile; fileRef = 96497CB32AEDF8630023DA69 /* MeditationViewModel.swift */; };
		96497CB62AEDFD040023DA69 /* Extensions.swift in Sources */ = {isa = PBXBuildFile; fileRef = 96497CB52AEDFD040023DA69 /* Extensions.swift */; };
		96497CB82AEE9BBB0023DA69 /* AudioManager.swift in Sources */ = {isa = PBXBuildFile; fileRef = 96497CB72AEE9BBB0023DA69 /* AudioManager.swift */; };
		96497CBA2AEEA0170023DA69 /* meditationMusic.mp3 in Resources */ = {isa = PBXBuildFile; fileRef = 96497CB92AEEA0170023DA69 /* meditationMusic.mp3 */; };
/* End PBXBuildFile section */

/* Begin PBXFileReference section */
		96497C9C2AEDD2720023DA69 /* HealingTimeApp.app */ = {isa = PBXFileReference; explicitFileType = wrapper.application; includeInIndex = 0; path = HealingTimeApp.app; sourceTree = BUILT_PRODUCTS_DIR; };
		96497C9F2AEDD2720023DA69 /* HealingTimeAppApp.swift */ = {isa = PBXFileReference; lastKnownFileType = sourcecode.swift; path = HealingTimeAppApp.swift; sourceTree = "<group>"; };
		96497CA12AEDD2720023DA69 /* ContentView.swift */ = {isa = PBXFileReference; lastKnownFileType = sourcecode.swift; path = ContentView.swift; sourceTree = "<group>"; };
		96497CA32AEDD2790023DA69 /* Assets.xcassets */ = {isa = PBXFileReference; lastKnownFileType = folder.assetcatalog; path = Assets.xcassets; sourceTree = "<group>"; };
		96497CA62AEDD2790023DA69 /* Preview Assets.xcassets */ = {isa = PBXFileReference; lastKnownFileType = folder.assetcatalog; path = "Preview Assets.xcassets"; sourceTree = "<group>"; };
		96497CAD2AEDD9660023DA69 /* MeditationView.swift */ = {isa = PBXFileReference; lastKnownFileType = sourcecode.swift; path = MeditationView.swift; sourceTree = "<group>"; };
		96497CAF2AEDE1270023DA69 /* PlayerView.swift */ = {isa = PBXFileReference; lastKnownFileType = sourcecode.swift; path = PlayerView.swift; sourceTree = "<group>"; };
		96497CB12AEDE57B0023DA69 /* PlaybackControlButton.swift */ = {isa = PBXFileReference; lastKnownFileType = sourcecode.swift; path = PlaybackControlButton.swift; sourceTree = "<group>"; };
		96497CB32AEDF8630023DA69 /* MeditationViewModel.swift */ = {isa = PBXFileReference; lastKnownFileType = sourcecode.swift; path = MeditationViewModel.swift; sourceTree = "<group>"; };
		96497CB52AEDFD040023DA69 /* Extensions.swift */ = {isa = PBXFileReference; lastKnownFileType = sourcecode.swift; path = Extensions.swift; sourceTree = "<group>"; };
		96497CB72AEE9BBB0023DA69 /* AudioManager.swift */ = {isa = PBXFileReference; lastKnownFileType = sourcecode.swift; path = AudioManager.swift; sourceTree = "<group>"; };
		96497CB92AEEA0170023DA69 /* meditationMusic.mp3 */ = {isa = PBXFileReference; lastKnownFileType = audio.mp3; path = meditationMusic.mp3; sourceTree = "<group>"; };
		96497CBB2AEEAA300023DA69 /* Info.plist */ = {isa = PBXFileReference; lastKnownFileType = text.plist; path = Info.plist; sourceTree = "<group>"; };
/* End PBXFileReference section */

/* Begin PBXFrameworksBuildPhase section */
		96497C992AEDD2720023DA69 /* Frameworks */ = {
			isa = PBXFrameworksBuildPhase;
			buildActionMask = 2147483647;
			files = (
			);
			runOnlyForDeploymentPostprocessing = 0;
		};
/* End PBXFrameworksBuildPhase section */

/* Begin PBXGroup section */
		96497C932AEDD2720023DA69 = {
			isa = PBXGroup;
			children = (
				96497C9E2AEDD2720023DA69 /* HealingTimeApp */,
				96497C9D2AEDD2720023DA69 /* Products */,
			);
			sourceTree = "<group>";
		};
		96497C9D2AEDD2720023DA69 /* Products */ = {
			isa = PBXGroup;
			children = (
				96497C9C2AEDD2720023DA69 /* HealingTimeApp.app */,
			);
			name = Products;
			sourceTree = "<group>";
		};
		96497C9E2AEDD2720023DA69 /* HealingTimeApp */ = {
			isa = PBXGroup;
			children = (
				96497CBB2AEEAA300023DA69 /* Info.plist */,
				96497C9F2AEDD2720023DA69 /* HealingTimeAppApp.swift */,
				96497CA12AEDD2720023DA69 /* ContentView.swift */,
				96497CAF2AEDE1270023DA69 /* PlayerView.swift */,
				96497CB12AEDE57B0023DA69 /* PlaybackControlButton.swift */,
				96497CAD2AEDD9660023DA69 /* MeditationView.swift */,
				96497CB72AEE9BBB0023DA69 /* AudioManager.swift */,
				96497CB52AEDFD040023DA69 /* Extensions.swift */,
				96497CB32AEDF8630023DA69 /* MeditationViewModel.swift */,
				96497CA32AEDD2790023DA69 /* Assets.xcassets */,
				96497CB92AEEA0170023DA69 /* meditationMusic.mp3 */,
				96497CA52AEDD2790023DA69 /* Preview Content */,
			);
			path = HealingTimeApp;
			sourceTree = "<group>";
		};
		96497CA52AEDD2790023DA69 /* Preview Content */ = {
			isa = PBXGroup;
			children = (
				96497CA62AEDD2790023DA69 /* Preview Assets.xcassets */,
			);
			path = "Preview Content";
			sourceTree = "<group>";
		};
/* End PBXGroup section */

/* Begin PBXNativeTarget section */
		96497C9B2AEDD2720023DA69 /* HealingTimeApp */ = {
			isa = PBXNativeTarget;
			buildConfigurationList = 96497CAA2AEDD2790023DA69 /* Build configuration list for PBXNativeTarget "HealingTimeApp" */;
			buildPhases = (
				96497C982AEDD2720023DA69 /* Sources */,
				96497C992AEDD2720023DA69 /* Frameworks */,
				96497C9A2AEDD2720023DA69 /* Resources */,
			);
			buildRules = (
			);
			dependencies = (
			);
			name = HealingTimeApp;
			productName = HealingTimeApp;
			productReference = 96497C9C2AEDD2720023DA69 /* HealingTimeApp.app */;
			productType = "com.apple.product-type.application";
		};
/* End PBXNativeTarget section */

/* Begin PBXProject section */
		96497C942AEDD2720023DA69 /* Project object */ = {
			isa = PBXProject;
			attributes = {
				BuildIndependentTargetsInParallel = 1;
				LastSwiftUpdateCheck = 1500;
				LastUpgradeCheck = 1500;
				TargetAttributes = {
					96497C9B2AEDD2720023DA69 = {
						CreatedOnToolsVersion = 15.0.1;
					};
				};
			};
			buildConfigurationList = 96497C972AEDD2720023DA69 /* Build configuration list for PBXProject "HealingTimeApp" */;
			compatibilityVersion = "Xcode 14.0";
			developmentRegion = en;
			hasScannedForEncodings = 0;
			knownRegions = (
				en,
				Base,
			);
			mainGroup = 96497C932AEDD2720023DA69;
			productRefGroup = 96497C9D2AEDD2720023DA69 /* Products */;
			projectDirPath = "";
			projectRoot = "";
			targets = (
				96497C9B2AEDD2720023DA69 /* HealingTimeApp */,
			);
		};
/* End PBXProject section */

/* Begin PBXResourcesBuildPhase section */
		96497C9A2AEDD2720023DA69 /* Resources */ = {
			isa = PBXResourcesBuildPhase;
			buildActionMask = 2147483647;
			files = (
				96497CA72AEDD2790023DA69 /* Preview Assets.xcassets in Resources */,
				96497CBA2AEEA0170023DA69 /* meditationMusic.mp3 in Resources */,
				96497CA42AEDD2790023DA69 /* Assets.xcassets in Resources */,
			);
			runOnlyForDeploymentPostprocessing = 0;
		};
/* End PBXResourcesBuildPhase section */

/* Begin PBXSourcesBuildPhase section */
		96497C982AEDD2720023DA69 /* Sources */ = {
			isa = PBXSourcesBuildPhase;
			buildActionMask = 2147483647;
			files = (
				96497CA22AEDD2720023DA69 /* ContentView.swift in Sources */,
				96497CAE2AEDD9670023DA69 /* MeditationView.swift in Sources */,
				96497CB82AEE9BBB0023DA69 /* AudioManager.swift in Sources */,
				96497CB22AEDE57B0023DA69 /* PlaybackControlButton.swift in Sources */,
				96497CA02AEDD2720023DA69 /* HealingTimeAppApp.swift in Sources */,
				96497CB42AEDF8630023DA69 /* MeditationViewModel.swift in Sources */,
				96497CB02AEDE1270023DA69 /* PlayerView.swift in Sources */,
				96497CB62AEDFD040023DA69 /* Extensions.swift in Sources */,
			);
			runOnlyForDeploymentPostprocessing = 0;
		};
/* End PBXSourcesBuildPhase section */

/* Begin XCBuildConfiguration section */
		96497CA82AEDD2790023DA69 /* Debug */ = {
			isa = XCBuildConfiguration;
			buildSettings = {
				ALWAYS_SEARCH_USER_PATHS = NO;
				ASSETCATALOG_COMPILER_GENERATE_SWIFT_ASSET_SYMBOL_EXTENSIONS = YES;
				CLANG_ANALYZER_NONNULL = YES;
				CLANG_ANALYZER_NUMBER_OBJECT_CONVERSION = YES_AGGRESSIVE;
				CLANG_CXX_LANGUAGE_STANDARD = "gnu++20";
				CLANG_ENABLE_MODULES = YES;
				CLANG_ENABLE_OBJC_ARC = YES;
				CLANG_ENABLE_OBJC_WEAK = YES;
				CLANG_WARN_BLOCK_CAPTURE_AUTORELEASING = YES;
				CLANG_WARN_BOOL_CONVERSION = YES;
				CLANG_WARN_COMMA = YES;
				CLANG_WARN_CONSTANT_CONVERSION = YES;
				CLANG_WARN_DEPRECATED_OBJC_IMPLEMENTATIONS = YES;
				CLANG_WARN_DIRECT_OBJC_ISA_USAGE = YES_ERROR;
				CLANG_WARN_DOCUMENTATION_COMMENTS = YES;
				CLANG_WARN_EMPTY_BODY = YES;
				CLANG_WARN_ENUM_CONVERSION = YES;
				CLANG_WARN_INFINITE_RECURSION = YES;
				CLANG_WARN_INT_CONVERSION = YES;
				CLANG_WARN_NON_LITERAL_NULL_CONVERSION = YES;
				CLANG_WARN_OBJC_IMPLICIT_RETAIN_SELF = YES;
				CLANG_WARN_OBJC_LITERAL_CONVERSION = YES;
				CLANG_WARN_OBJC_ROOT_CLASS = YES_ERROR;
				CLANG_WARN_QUOTED_INCLUDE_IN_FRAMEWORK_HEADER = YES;
				CLANG_WARN_RANGE_LOOP_ANALYSIS = YES;
				CLANG_WARN_STRICT_PROTOTYPES = YES;
				CLANG_WARN_SUSPICIOUS_MOVE = YES;
				CLANG_WARN_UNGUARDED_AVAILABILITY = YES_AGGRESSIVE;
				CLANG_WARN_UNREACHABLE_CODE = YES;
				CLANG_WARN__DUPLICATE_METHOD_MATCH = YES;
				COPY_PHASE_STRIP = NO;
				DEBUG_INFORMATION_FORMAT = dwarf;
				ENABLE_STRICT_OBJC_MSGSEND = YES;
				ENABLE_TESTABILITY = YES;
				ENABLE_USER_SCRIPT_SANDBOXING = YES;
				GCC_C_LANGUAGE_STANDARD = gnu17;
				GCC_DYNAMIC_NO_PIC = NO;
				GCC_NO_COMMON_BLOCKS = YES;
				GCC_OPTIMIZATION_LEVEL = 0;
				GCC_PREPROCESSOR_DEFINITIONS = (
					"DEBUG=1",
					"$(inherited)",
				);
				GCC_WARN_64_TO_32_BIT_CONVERSION = YES;
				GCC_WARN_ABOUT_RETURN_TYPE = YES_ERROR;
				GCC_WARN_UNDECLARED_SELECTOR = YES;
				GCC_WARN_UNINITIALIZED_AUTOS = YES_AGGRESSIVE;
				GCC_WARN_UNUSED_FUNCTION = YES;
				GCC_WARN_UNUSED_VARIABLE = YES;
				IPHONEOS_DEPLOYMENT_TARGET = 17.0;
				LOCALIZATION_PREFERS_STRING_CATALOGS = YES;
				MTL_ENABLE_DEBUG_INFO = INCLUDE_SOURCE;
				MTL_FAST_MATH = YES;
				ONLY_ACTIVE_ARCH = YES;
				SDKROOT = iphoneos;
				SWIFT_ACTIVE_COMPILATION_CONDITIONS = "DEBUG $(inherited)";
				SWIFT_OPTIMIZATION_LEVEL = "-Onone";
			};
			name = Debug;
		};
		96497CA92AEDD2790023DA69 /* Release */ = {
			isa = XCBuildConfiguration;
			buildSettings = {
				ALWAYS_SEARCH_USER_PATHS = NO;
				ASSETCATALOG_COMPILER_GENERATE_SWIFT_ASSET_SYMBOL_EXTENSIONS = YES;
				CLANG_ANALYZER_NONNULL = YES;
				CLANG_ANALYZER_NUMBER_OBJECT_CONVERSION = YES_AGGRESSIVE;
				CLANG_CXX_LANGUAGE_STANDARD = "gnu++20";
				CLANG_ENABLE_MODULES = YES;
				CLANG_ENABLE_OBJC_ARC = YES;
				CLANG_ENABLE_OBJC_WEAK = YES;
				CLANG_WARN_BLOCK_CAPTURE_AUTORELEASING = YES;
				CLANG_WARN_BOOL_CONVERSION = YES;
				CLANG_WARN_COMMA = YES;
				CLANG_WARN_CONSTANT_CONVERSION = YES;
				CLANG_WARN_DEPRECATED_OBJC_IMPLEMENTATIONS = YES;
				CLANG_WARN_DIRECT_OBJC_ISA_USAGE = YES_ERROR;
				CLANG_WARN_DOCUMENTATION_COMMENTS = YES;
				CLANG_WARN_EMPTY_BODY = YES;
				CLANG_WARN_ENUM_CONVERSION = YES;
				CLANG_WARN_INFINITE_RECURSION = YES;
				CLANG_WARN_INT_CONVERSION = YES;
				CLANG_WARN_NON_LITERAL_NULL_CONVERSION = YES;
				CLANG_WARN_OBJC_IMPLICIT_RETAIN_SELF = YES;
				CLANG_WARN_OBJC_LITERAL_CONVERSION = YES;
				CLANG_WARN_OBJC_ROOT_CLASS = YES_ERROR;
				CLANG_WARN_QUOTED_INCLUDE_IN_FRAMEWORK_HEADER = YES;
				CLANG_WARN_RANGE_LOOP_ANALYSIS = YES;
				CLANG_WARN_STRICT_PROTOTYPES = YES;
				CLANG_WARN_SUSPICIOUS_MOVE = YES;
				CLANG_WARN_UNGUARDED_AVAILABILITY = YES_AGGRESSIVE;
				CLANG_WARN_UNREACHABLE_CODE = YES;
				CLANG_WARN__DUPLICATE_METHOD_MATCH = YES;
				COPY_PHASE_STRIP = NO;
				DEBUG_INFORMATION_FORMAT = "dwarf-with-dsym";
				ENABLE_NS_ASSERTIONS = NO;
				ENABLE_STRICT_OBJC_MSGSEND = YES;
				ENABLE_USER_SCRIPT_SANDBOXING = YES;
				GCC_C_LANGUAGE_STANDARD = gnu17;
				GCC_NO_COMMON_BLOCKS = YES;
				GCC_WARN_64_TO_32_BIT_CONVERSION = YES;
				GCC_WARN_ABOUT_RETURN_TYPE = YES_ERROR;
				GCC_WARN_UNDECLARED_SELECTOR = YES;
				GCC_WARN_UNINITIALIZED_AUTOS = YES_AGGRESSIVE;
				GCC_WARN_UNUSED_FUNCTION = YES;
				GCC_WARN_UNUSED_VARIABLE = YES;
				IPHONEOS_DEPLOYMENT_TARGET = 17.0;
				LOCALIZATION_PREFERS_STRING_CATALOGS = YES;
				MTL_ENABLE_DEBUG_INFO = NO;
				MTL_FAST_MATH = YES;
				SDKROOT = iphoneos;
				SWIFT_COMPILATION_MODE = wholemodule;
				VALIDATE_PRODUCT = YES;
			};
			name = Release;
		};
		96497CAB2AEDD2790023DA69 /* Debug */ = {
			isa = XCBuildConfiguration;
			buildSettings = {
				ASSETCATALOG_COMPILER_APPICON_NAME = AppIcon;
				ASSETCATALOG_COMPILER_GLOBAL_ACCENT_COLOR_NAME = AccentColor;
				CODE_SIGN_STYLE = Automatic;
				CURRENT_PROJECT_VERSION = 1;
				DEVELOPMENT_ASSET_PATHS = "\"HealingTimeApp/Preview Content\"";
				DEVELOPMENT_TEAM = F4RCD25Z6W;
				ENABLE_PREVIEWS = YES;
				GENERATE_INFOPLIST_FILE = YES;
				INFOPLIST_FILE = HealingTimeApp/Info.plist;
				INFOPLIST_KEY_UIApplicationSceneManifest_Generation = YES;
				INFOPLIST_KEY_UIApplicationSupportsIndirectInputEvents = YES;
				INFOPLIST_KEY_UILaunchScreen_Generation = YES;
				INFOPLIST_KEY_UISupportedInterfaceOrientations_iPad = "UIInterfaceOrientationPortrait UIInterfaceOrientationPortraitUpsideDown UIInterfaceOrientationLandscapeLeft UIInterfaceOrientationLandscapeRight";
				INFOPLIST_KEY_UISupportedInterfaceOrientations_iPhone = "UIInterfaceOrientationPortrait UIInterfaceOrientationLandscapeLeft UIInterfaceOrientationLandscapeRight";
				LD_RUNPATH_SEARCH_PATHS = (
					"$(inherited)",
					"@executable_path/Frameworks",
				);
				MARKETING_VERSION = 1.0;
				PRODUCT_BUNDLE_IDENTIFIER = com.miyuki.tree.HealingTimeApp;
				PRODUCT_NAME = "$(TARGET_NAME)";
				SWIFT_EMIT_LOC_STRINGS = YES;
				SWIFT_VERSION = 5.0;
				TARGETED_DEVICE_FAMILY = "1,2";
			};
			name = Debug;
		};
		96497CAC2AEDD2790023DA69 /* Release */ = {
			isa = XCBuildConfiguration;
			buildSettings = {
				ASSETCATALOG_COMPILER_APPICON_NAME = AppIcon;
				ASSETCATALOG_COMPILER_GLOBAL_ACCENT_COLOR_NAME = AccentColor;
				CODE_SIGN_STYLE = Automatic;
				CURRENT_PROJECT_VERSION = 1;
				DEVELOPMENT_ASSET_PATHS = "\"HealingTimeApp/Preview Content\"";
				DEVELOPMENT_TEAM = F4RCD25Z6W;
				ENABLE_PREVIEWS = YES;
				GENERATE_INFOPLIST_FILE = YES;
				INFOPLIST_FILE = HealingTimeApp/Info.plist;
				INFOPLIST_KEY_UIApplicationSceneManifest_Generation = YES;
				INFOPLIST_KEY_UIApplicationSupportsIndirectInputEvents = YES;
				INFOPLIST_KEY_UILaunchScreen_Generation = YES;
				INFOPLIST_KEY_UISupportedInterfaceOrientations_iPad = "UIInterfaceOrientationPortrait UIInterfaceOrientationPortraitUpsideDown UIInterfaceOrientationLandscapeLeft UIInterfaceOrientationLandscapeRight";
				INFOPLIST_KEY_UISupportedInterfaceOrientations_iPhone = "UIInterfaceOrientationPortrait UIInterfaceOrientationLandscapeLeft UIInterfaceOrientationLandscapeRight";
				LD_RUNPATH_SEARCH_PATHS = (
					"$(inherited)",
					"@executable_path/Frameworks",
				);
				MARKETING_VERSION = 1.0;
				PRODUCT_BUNDLE_IDENTIFIER = com.miyuki.tree.HealingTimeApp;
				PRODUCT_NAME = "$(TARGET_NAME)";
				SWIFT_EMIT_LOC_STRINGS = YES;
				SWIFT_VERSION = 5.0;
				TARGETED_DEVICE_FAMILY = "1,2";
			};
			name = Release;
		};
/* End XCBuildConfiguration section */

/* Begin XCConfigurationList section */
		96497C972AEDD2720023DA69 /* Build configuration list for PBXProject "HealingTimeApp" */ = {
			isa = XCConfigurationList;
			buildConfigurations = (
				96497CA82AEDD2790023DA69 /* Debug */,
				96497CA92AEDD2790023DA69 /* Release */,
			);
			defaultConfigurationIsVisible = 0;
			defaultConfigurationName = Release;
		};
		96497CAA2AEDD2790023DA69 /* Build configuration list for PBXNativeTarget "HealingTimeApp" */ = {
			isa = XCConfigurationList;
			buildConfigurations = (
				96497CAB2AEDD2790023DA69 /* Debug */,
				96497CAC2AEDD2790023DA69 /* Release */,
			);
			defaultConfigurationIsVisible = 0;
			defaultConfigurationName = Release;
		};
/* End XCConfigurationList section */
	};
	rootObject = 96497C942AEDD2720023DA69 /* Project object */;
}
